
Microsoft Visual Studio Solution File, Format Version 12.00
# Visual Studio 15
VisualStudioVersion = 15.0.28010.2048
MinimumVisualStudioVersion = 10.0.40219.1
Project("{FAE04EC0-301F-11D3-BF4B-00C04F79EFBC}") = "BigProject", "BigProject\BigProject.csproj", "{13984BB8-F4BB-4C2F-87FD-063766DF5BB9}"
EndProject
Global
	GlobalSection(SolutionConfigurationPlatforms) = preSolution
		Debug|Any CPU = Debug|Any CPU
		Release|Any CPU = Release|Any CPU
	EndGlobalSection
	GlobalSection(ProjectConfigurationPlatforms) = postSolution
		{13984BB8-F4BB-4C2F-87FD-063766DF5BB9}.Debug|Any CPU.ActiveCfg = Debug|Any CPU
		{13984BB8-F4BB-4C2F-87FD-063766DF5BB9}.Debug|Any CPU.Build.0 = Debug|Any CPU
		{13984BB8-F4BB-4C2F-87FD-063766DF5BB9}.Release|Any CPU.ActiveCfg = Release|Any CPU
		{13984BB8-F4BB-4C2F-87FD-063766DF5BB9}.Release|Any CPU.Build.0 = Release|Any CPU
	EndGlobalSection
	GlobalSection(SolutionProperties) = preSolution
		HideSolutionNode = FALSE
	EndGlobalSection
	GlobalSection(ExtensibilityGlobals) = postSolution
		SolutionGuid = {A8127CED-AF2B-46F2-8BBD-3C9ABDDAC5C1}
	EndGlobalSection
EndGlobal
